// !$*UTF8*$!
{
	archiveVersion = 1;
	classes = {
	};
	objectVersion = 52;
	objects = {

/* Begin PBXBuildFile section */
		27E141CBC42FE73EA4DE0627 /* Pods_Favs.framework in Frameworks */ = {isa = PBXBuildFile; fileRef = 146A9E649A1B6A4744575B4D /* Pods_Favs.framework */; };
		7523827C2539DD170033F4D9 /* LinkCardView.swift in Sources */ = {isa = PBXBuildFile; fileRef = 7523827B2539DD170033F4D9 /* LinkCardView.swift */; };
		7523828D253AB5F60033F4D9 /* WebViewWrapper.swift in Sources */ = {isa = PBXBuildFile; fileRef = 7523828C253AB5F60033F4D9 /* WebViewWrapper.swift */; };
		752B4C192552E0990061CDA5 /* WebPageModel.swift in Sources */ = {isa = PBXBuildFile; fileRef = 752B4C182552E0990061CDA5 /* WebPageModel.swift */; };
		752B4C1D2552E0E50061CDA5 /* PageInfo.swift in Sources */ = {isa = PBXBuildFile; fileRef = 752B4C1C2552E0E50061CDA5 /* PageInfo.swift */; };
		752B4C28255429D90061CDA5 /* NewFavView.swift in Sources */ = {isa = PBXBuildFile; fileRef = 752B4C27255429D90061CDA5 /* NewFavView.swift */; };
		752FAF462539D2E700250E3D /* HomeView.swift in Sources */ = {isa = PBXBuildFile; fileRef = 752FAF452539D2E700250E3D /* HomeView.swift */; };
		752FAF4A2539D42100250E3D /* FavCardList.swift in Sources */ = {isa = PBXBuildFile; fileRef = 752FAF492539D42100250E3D /* FavCardList.swift */; };
		752FAF4F2539D4E500250E3D /* Fav.swift in Sources */ = {isa = PBXBuildFile; fileRef = 752FAF4E2539D4E500250E3D /* Fav.swift */; };
		7533CDA12540705000B49A60 /* FAB.swift in Sources */ = {isa = PBXBuildFile; fileRef = 7533CDA02540705000B49A60 /* FAB.swift */; };
		753468B2254D29B400D67C88 /* FavCategories.swift in Sources */ = {isa = PBXBuildFile; fileRef = 753468B1254D29B400D67C88 /* FavCategories.swift */; };
		753468B5254D2ABF00D67C88 /* CategoryStore.swift in Sources */ = {isa = PBXBuildFile; fileRef = 753468B4254D2ABF00D67C88 /* CategoryStore.swift */; };
		753CD184258F8107009CB072 /* UIColorHex.swift in Sources */ = {isa = PBXBuildFile; fileRef = 753CD183258F8107009CB072 /* UIColorHex.swift */; };
		753EA4182600E42400CAA11E /* env.sample.json in Resources */ = {isa = PBXBuildFile; fileRef = 753EA4172600E42400CAA11E /* env.sample.json */; };
		75770353254EF9D60019E59A /* Favs.swift in Sources */ = {isa = PBXBuildFile; fileRef = 75770352254EF9D60019E59A /* Favs.swift */; };
		75770356254EFA360019E59A /* FavStore.swift in Sources */ = {isa = PBXBuildFile; fileRef = 75770355254EFA360019E59A /* FavStore.swift */; };
		757721422562DB64006D12B7 /* FavDetailView.swift in Sources */ = {isa = PBXBuildFile; fileRef = 757721412562DB64006D12B7 /* FavDetailView.swift */; };
		75826C22258EE2400032AD6E /* LoadingIndicatorView.swift in Sources */ = {isa = PBXBuildFile; fileRef = 75826C21258EE2400032AD6E /* LoadingIndicatorView.swift */; };
		7587D6E525B3F68E00694763 /* ViewState.swift in Sources */ = {isa = PBXBuildFile; fileRef = 7587D6E425B3F68E00694763 /* ViewState.swift */; };
		7587D6E925B3F85B00694763 /* ViewStateStore.swift in Sources */ = {isa = PBXBuildFile; fileRef = 7587D6E825B3F85B00694763 /* ViewStateStore.swift */; };
		758C7C8D25988BA000D94D50 /* FavList.swift in Sources */ = {isa = PBXBuildFile; fileRef = 758C7C8C25988BA000D94D50 /* FavList.swift */; };
		759D724225977121007D7602 /* LinkRowView.swift in Sources */ = {isa = PBXBuildFile; fileRef = 759D724125977121007D7602 /* LinkRowView.swift */; };
		759DD2B7253F062A009F5400 /* SwiftUIX in Frameworks */ = {isa = PBXBuildFile; productRef = 759DD2B6253F062A009F5400 /* SwiftUIX */; };
		759DD2BB253F3DCD009F5400 /* RemoteImageModel.swift in Sources */ = {isa = PBXBuildFile; fileRef = 759DD2BA253F3DCD009F5400 /* RemoteImageModel.swift */; };
		759DD2C1253F3E8C009F5400 /* ImageUrlView.swift in Sources */ = {isa = PBXBuildFile; fileRef = 759DD2C0253F3E8C009F5400 /* ImageUrlView.swift */; };
		75B583F7259995D000C4E336 /* CategoryView.swift in Sources */ = {isa = PBXBuildFile; fileRef = 75B583F6259995D000C4E336 /* CategoryView.swift */; };
		75BB0AC725878E49005391BF /* ShareViewController.swift in Sources */ = {isa = PBXBuildFile; fileRef = 75BB0AC625878E49005391BF /* ShareViewController.swift */; };
		75BB0ACA25878E49005391BF /* MainInterface.storyboard in Resources */ = {isa = PBXBuildFile; fileRef = 75BB0AC825878E49005391BF /* MainInterface.storyboard */; };
		75BB0ACE25878E49005391BF /* FavsShareExtension.appex in Embed App Extensions */ = {isa = PBXBuildFile; fileRef = 75BB0AC425878E49005391BF /* FavsShareExtension.appex */; settings = {ATTRIBUTES = (RemoveHeadersOnCopy, ); }; };
		75BB0ADA2587A094005391BF /* SharedFav.swift in Sources */ = {isa = PBXBuildFile; fileRef = 75BB0AD92587A094005391BF /* SharedFav.swift */; };
		75BB0AE22588D6E3005391BF /* SharedFavObserver.swift in Sources */ = {isa = PBXBuildFile; fileRef = 75BB0AE12588D6E3005391BF /* SharedFavObserver.swift */; };
		75BB0AEA2588D7FC005391BF /* SharedFav.swift in Sources */ = {isa = PBXBuildFile; fileRef = 75BB0AE92588D7FC005391BF /* SharedFav.swift */; };
		75BE2D49255697CC00482E8F /* URLHelper.swift in Sources */ = {isa = PBXBuildFile; fileRef = 75BE2D48255697CC00482E8F /* URLHelper.swift */; };
		75C2BE7C253878BF003911E4 /* FavsApp.swift in Sources */ = {isa = PBXBuildFile; fileRef = 75C2BE7B253878BF003911E4 /* FavsApp.swift */; };
		75C2BE7E253878BF003911E4 /* ContentView.swift in Sources */ = {isa = PBXBuildFile; fileRef = 75C2BE7D253878BF003911E4 /* ContentView.swift */; };
		75C2BE80253878C0003911E4 /* Assets.xcassets in Resources */ = {isa = PBXBuildFile; fileRef = 75C2BE7F253878C0003911E4 /* Assets.xcassets */; };
		75C2BE83253878C0003911E4 /* Preview Assets.xcassets in Resources */ = {isa = PBXBuildFile; fileRef = 75C2BE82253878C0003911E4 /* Preview Assets.xcassets */; };
		75D9EF1A259C3F350076AC16 /* CategoryListItem.swift in Sources */ = {isa = PBXBuildFile; fileRef = 75D9EF19259C3F350076AC16 /* CategoryListItem.swift */; };
		75E4CDA825FF9AF300DDF691 /* EnvironmentData.swift in Sources */ = {isa = PBXBuildFile; fileRef = 75E4CDA525FF9AF300DDF691 /* EnvironmentData.swift */; };
		75E4CDA925FF9AF300DDF691 /* EnvironmentStore.swift in Sources */ = {isa = PBXBuildFile; fileRef = 75E4CDA625FF9AF300DDF691 /* EnvironmentStore.swift */; };
		75E4CDAA25FF9AF300DDF691 /* YoutubeVideo.swift in Sources */ = {isa = PBXBuildFile; fileRef = 75E4CDA725FF9AF300DDF691 /* YoutubeVideo.swift */; };
		75E4CDAE25FF9AFD00DDF691 /* CustomTextField.swift in Sources */ = {isa = PBXBuildFile; fileRef = 75E4CDAD25FF9AFD00DDF691 /* CustomTextField.swift */; };
		75E4CDBD25FF9B4300DDF691 /* WebAccessible.swift in Sources */ = {isa = PBXBuildFile; fileRef = 75E4CDB925FF9B4300DDF691 /* WebAccessible.swift */; };
		75E4CDBE25FF9B4300DDF691 /* WebAccessSelector.swift in Sources */ = {isa = PBXBuildFile; fileRef = 75E4CDBA25FF9B4300DDF691 /* WebAccessSelector.swift */; };
		75E4CDBF25FF9B4300DDF691 /* PageInfoObserver.swift in Sources */ = {isa = PBXBuildFile; fileRef = 75E4CDBB25FF9B4300DDF691 /* PageInfoObserver.swift */; };
		75E4CDC025FF9B4300DDF691 /* YoutubeVideoDataModel.swift in Sources */ = {isa = PBXBuildFile; fileRef = 75E4CDBC25FF9B4300DDF691 /* YoutubeVideoDataModel.swift */; };
		75FF4E31253BFAA5005BCE19 /* FavCategory.swift in Sources */ = {isa = PBXBuildFile; fileRef = 75FF4E30253BFAA5005BCE19 /* FavCategory.swift */; };
		75FF4E38253C33D7005BCE19 /* ShareSheet.swift in Sources */ = {isa = PBXBuildFile; fileRef = 75FF4E37253C33D7005BCE19 /* ShareSheet.swift */; };
		75FF4E41253C655F005BCE19 /* CategoryDetailView.swift in Sources */ = {isa = PBXBuildFile; fileRef = 75FF4E40253C655F005BCE19 /* CategoryDetailView.swift */; };
/* End PBXBuildFile section */

/* Begin PBXContainerItemProxy section */
		75BB0ACC25878E49005391BF /* PBXContainerItemProxy */ = {
			isa = PBXContainerItemProxy;
			containerPortal = 75C2BE70253878BF003911E4 /* Project object */;
			proxyType = 1;
			remoteGlobalIDString = 75BB0AC325878E49005391BF;
			remoteInfo = FavsShareExtension;
		};
/* End PBXContainerItemProxy section */

/* Begin PBXCopyFilesBuildPhase section */
		75BB0AD225878E49005391BF /* Embed App Extensions */ = {
			isa = PBXCopyFilesBuildPhase;
			buildActionMask = 2147483647;
			dstPath = "";
			dstSubfolderSpec = 13;
			files = (
				75BB0ACE25878E49005391BF /* FavsShareExtension.appex in Embed App Extensions */,
			);
			name = "Embed App Extensions";
			runOnlyForDeploymentPostprocessing = 0;
		};
/* End PBXCopyFilesBuildPhase section */

/* Begin PBXFileReference section */
		146A9E649A1B6A4744575B4D /* Pods_Favs.framework */ = {isa = PBXFileReference; explicitFileType = wrapper.framework; includeInIndex = 0; path = Pods_Favs.framework; sourceTree = BUILT_PRODUCTS_DIR; };
		7523827B2539DD170033F4D9 /* LinkCardView.swift */ = {isa = PBXFileReference; lastKnownFileType = sourcecode.swift; path = LinkCardView.swift; sourceTree = "<group>"; };
		7523828C253AB5F60033F4D9 /* WebViewWrapper.swift */ = {isa = PBXFileReference; lastKnownFileType = sourcecode.swift; path = WebViewWrapper.swift; sourceTree = "<group>"; };
		752B4C182552E0990061CDA5 /* WebPageModel.swift */ = {isa = PBXFileReference; lastKnownFileType = sourcecode.swift; path = WebPageModel.swift; sourceTree = "<group>"; };
		752B4C1C2552E0E50061CDA5 /* PageInfo.swift */ = {isa = PBXFileReference; lastKnownFileType = sourcecode.swift; path = PageInfo.swift; sourceTree = "<group>"; };
		752B4C27255429D90061CDA5 /* NewFavView.swift */ = {isa = PBXFileReference; lastKnownFileType = sourcecode.swift; path = NewFavView.swift; sourceTree = "<group>"; };
		752FAF452539D2E700250E3D /* HomeView.swift */ = {isa = PBXFileReference; lastKnownFileType = sourcecode.swift; path = HomeView.swift; sourceTree = "<group>"; };
		752FAF492539D42100250E3D /* FavCardList.swift */ = {isa = PBXFileReference; lastKnownFileType = sourcecode.swift; path = FavCardList.swift; sourceTree = "<group>"; };
		752FAF4E2539D4E500250E3D /* Fav.swift */ = {isa = PBXFileReference; lastKnownFileType = sourcecode.swift; path = Fav.swift; sourceTree = "<group>"; };
		7533CDA02540705000B49A60 /* FAB.swift */ = {isa = PBXFileReference; lastKnownFileType = sourcecode.swift; path = FAB.swift; sourceTree = "<group>"; };
		753468B1254D29B400D67C88 /* FavCategories.swift */ = {isa = PBXFileReference; lastKnownFileType = sourcecode.swift; path = FavCategories.swift; sourceTree = "<group>"; };
		753468B4254D2ABF00D67C88 /* CategoryStore.swift */ = {isa = PBXFileReference; lastKnownFileType = sourcecode.swift; path = CategoryStore.swift; sourceTree = "<group>"; };
		753CD183258F8107009CB072 /* UIColorHex.swift */ = {isa = PBXFileReference; lastKnownFileType = sourcecode.swift; path = UIColorHex.swift; sourceTree = "<group>"; };
		753EA4172600E42400CAA11E /* env.sample.json */ = {isa = PBXFileReference; lastKnownFileType = text.json; path = env.sample.json; sourceTree = "<group>"; };
		75770352254EF9D60019E59A /* Favs.swift */ = {isa = PBXFileReference; lastKnownFileType = sourcecode.swift; path = Favs.swift; sourceTree = "<group>"; };
		75770355254EFA360019E59A /* FavStore.swift */ = {isa = PBXFileReference; lastKnownFileType = sourcecode.swift; path = FavStore.swift; sourceTree = "<group>"; };
		757721412562DB64006D12B7 /* FavDetailView.swift */ = {isa = PBXFileReference; lastKnownFileType = sourcecode.swift; path = FavDetailView.swift; sourceTree = "<group>"; };
		75826C21258EE2400032AD6E /* LoadingIndicatorView.swift */ = {isa = PBXFileReference; lastKnownFileType = sourcecode.swift; path = LoadingIndicatorView.swift; sourceTree = "<group>"; };
		7587D6E425B3F68E00694763 /* ViewState.swift */ = {isa = PBXFileReference; lastKnownFileType = sourcecode.swift; path = ViewState.swift; sourceTree = "<group>"; };
		7587D6E825B3F85B00694763 /* ViewStateStore.swift */ = {isa = PBXFileReference; lastKnownFileType = sourcecode.swift; path = ViewStateStore.swift; sourceTree = "<group>"; };
		758C7C8C25988BA000D94D50 /* FavList.swift */ = {isa = PBXFileReference; lastKnownFileType = sourcecode.swift; path = FavList.swift; sourceTree = "<group>"; };
		759D724125977121007D7602 /* LinkRowView.swift */ = {isa = PBXFileReference; lastKnownFileType = sourcecode.swift; path = LinkRowView.swift; sourceTree = "<group>"; };
		759DD2BA253F3DCD009F5400 /* RemoteImageModel.swift */ = {isa = PBXFileReference; lastKnownFileType = sourcecode.swift; path = RemoteImageModel.swift; sourceTree = "<group>"; };
		759DD2C0253F3E8C009F5400 /* ImageUrlView.swift */ = {isa = PBXFileReference; lastKnownFileType = sourcecode.swift; path = ImageUrlView.swift; sourceTree = "<group>"; };
		75B583F6259995D000C4E336 /* CategoryView.swift */ = {isa = PBXFileReference; lastKnownFileType = sourcecode.swift; path = CategoryView.swift; sourceTree = "<group>"; };
		75BB0AC425878E49005391BF /* FavsShareExtension.appex */ = {isa = PBXFileReference; explicitFileType = "wrapper.app-extension"; includeInIndex = 0; path = FavsShareExtension.appex; sourceTree = BUILT_PRODUCTS_DIR; };
		75BB0AC625878E49005391BF /* ShareViewController.swift */ = {isa = PBXFileReference; lastKnownFileType = sourcecode.swift; path = ShareViewController.swift; sourceTree = "<group>"; };
		75BB0AC925878E49005391BF /* Base */ = {isa = PBXFileReference; lastKnownFileType = file.storyboard; name = Base; path = Base.lproj/MainInterface.storyboard; sourceTree = "<group>"; };
		75BB0ACB25878E49005391BF /* Info.plist */ = {isa = PBXFileReference; lastKnownFileType = text.plist.xml; path = Info.plist; sourceTree = "<group>"; };
		75BB0AD525878F85005391BF /* FavsShareExtension.entitlements */ = {isa = PBXFileReference; lastKnownFileType = text.plist.entitlements; path = FavsShareExtension.entitlements; sourceTree = "<group>"; };
		75BB0AD625879115005391BF /* Favs.entitlements */ = {isa = PBXFileReference; lastKnownFileType = text.plist.entitlements; path = Favs.entitlements; sourceTree = "<group>"; };
		75BB0AD92587A094005391BF /* SharedFav.swift */ = {isa = PBXFileReference; lastKnownFileType = sourcecode.swift; path = SharedFav.swift; sourceTree = "<group>"; };
		75BB0AE12588D6E3005391BF /* SharedFavObserver.swift */ = {isa = PBXFileReference; lastKnownFileType = sourcecode.swift; path = SharedFavObserver.swift; sourceTree = "<group>"; };
		75BB0AE92588D7FC005391BF /* SharedFav.swift */ = {isa = PBXFileReference; lastKnownFileType = sourcecode.swift; path = SharedFav.swift; sourceTree = "<group>"; };
		75BE2D48255697CC00482E8F /* URLHelper.swift */ = {isa = PBXFileReference; lastKnownFileType = sourcecode.swift; path = URLHelper.swift; sourceTree = "<group>"; };
		75C2BE78253878BF003911E4 /* Favs.app */ = {isa = PBXFileReference; explicitFileType = wrapper.application; includeInIndex = 0; path = Favs.app; sourceTree = BUILT_PRODUCTS_DIR; };
		75C2BE7B253878BF003911E4 /* FavsApp.swift */ = {isa = PBXFileReference; lastKnownFileType = sourcecode.swift; path = FavsApp.swift; sourceTree = "<group>"; };
		75C2BE7D253878BF003911E4 /* ContentView.swift */ = {isa = PBXFileReference; lastKnownFileType = sourcecode.swift; path = ContentView.swift; sourceTree = "<group>"; };
		75C2BE7F253878C0003911E4 /* Assets.xcassets */ = {isa = PBXFileReference; lastKnownFileType = folder.assetcatalog; path = Assets.xcassets; sourceTree = "<group>"; };
		75C2BE82253878C0003911E4 /* Preview Assets.xcassets */ = {isa = PBXFileReference; lastKnownFileType = folder.assetcatalog; path = "Preview Assets.xcassets"; sourceTree = "<group>"; };
		75C2BE84253878C0003911E4 /* Info.plist */ = {isa = PBXFileReference; lastKnownFileType = text.plist.xml; path = Info.plist; sourceTree = "<group>"; };
		75D9EF19259C3F350076AC16 /* CategoryListItem.swift */ = {isa = PBXFileReference; lastKnownFileType = sourcecode.swift; path = CategoryListItem.swift; sourceTree = "<group>"; };
		75E4CDA525FF9AF300DDF691 /* EnvironmentData.swift */ = {isa = PBXFileReference; fileEncoding = 4; lastKnownFileType = sourcecode.swift; path = EnvironmentData.swift; sourceTree = "<group>"; };
		75E4CDA625FF9AF300DDF691 /* EnvironmentStore.swift */ = {isa = PBXFileReference; fileEncoding = 4; lastKnownFileType = sourcecode.swift; path = EnvironmentStore.swift; sourceTree = "<group>"; };
		75E4CDA725FF9AF300DDF691 /* YoutubeVideo.swift */ = {isa = PBXFileReference; fileEncoding = 4; lastKnownFileType = sourcecode.swift; path = YoutubeVideo.swift; sourceTree = "<group>"; };
		75E4CDAD25FF9AFD00DDF691 /* CustomTextField.swift */ = {isa = PBXFileReference; fileEncoding = 4; lastKnownFileType = sourcecode.swift; path = CustomTextField.swift; sourceTree = "<group>"; };
		75E4CDB925FF9B4300DDF691 /* WebAccessible.swift */ = {isa = PBXFileReference; fileEncoding = 4; lastKnownFileType = sourcecode.swift; path = WebAccessible.swift; sourceTree = "<group>"; };
		75E4CDBA25FF9B4300DDF691 /* WebAccessSelector.swift */ = {isa = PBXFileReference; fileEncoding = 4; lastKnownFileType = sourcecode.swift; path = WebAccessSelector.swift; sourceTree = "<group>"; };
		75E4CDBB25FF9B4300DDF691 /* PageInfoObserver.swift */ = {isa = PBXFileReference; fileEncoding = 4; lastKnownFileType = sourcecode.swift; path = PageInfoObserver.swift; sourceTree = "<group>"; };
		75E4CDBC25FF9B4300DDF691 /* YoutubeVideoDataModel.swift */ = {isa = PBXFileReference; fileEncoding = 4; lastKnownFileType = sourcecode.swift; path = YoutubeVideoDataModel.swift; sourceTree = "<group>"; };
		75FF4E30253BFAA5005BCE19 /* FavCategory.swift */ = {isa = PBXFileReference; lastKnownFileType = sourcecode.swift; path = FavCategory.swift; sourceTree = "<group>"; };
		75FF4E37253C33D7005BCE19 /* ShareSheet.swift */ = {isa = PBXFileReference; lastKnownFileType = sourcecode.swift; path = ShareSheet.swift; sourceTree = "<group>"; };
		75FF4E40253C655F005BCE19 /* CategoryDetailView.swift */ = {isa = PBXFileReference; lastKnownFileType = sourcecode.swift; path = CategoryDetailView.swift; sourceTree = "<group>"; };
		CD46CF09AFCAF754872943E8 /* Pods-Favs.debug.xcconfig */ = {isa = PBXFileReference; includeInIndex = 1; lastKnownFileType = text.xcconfig; name = "Pods-Favs.debug.xcconfig"; path = "Target Support Files/Pods-Favs/Pods-Favs.debug.xcconfig"; sourceTree = "<group>"; };
		F10103C3EF98E7B7740A1656 /* Pods-Favs.release.xcconfig */ = {isa = PBXFileReference; includeInIndex = 1; lastKnownFileType = text.xcconfig; name = "Pods-Favs.release.xcconfig"; path = "Target Support Files/Pods-Favs/Pods-Favs.release.xcconfig"; sourceTree = "<group>"; };
/* End PBXFileReference section */

/* Begin PBXFrameworksBuildPhase section */
		75BB0AC125878E49005391BF /* Frameworks */ = {
			isa = PBXFrameworksBuildPhase;
			buildActionMask = 2147483647;
			files = (
			);
			runOnlyForDeploymentPostprocessing = 0;
		};
		75C2BE75253878BF003911E4 /* Frameworks */ = {
			isa = PBXFrameworksBuildPhase;
			buildActionMask = 2147483647;
			files = (
				27E141CBC42FE73EA4DE0627 /* Pods_Favs.framework in Frameworks */,
				759DD2B7253F062A009F5400 /* SwiftUIX in Frameworks */,
			);
			runOnlyForDeploymentPostprocessing = 0;
		};
/* End PBXFrameworksBuildPhase section */

/* Begin PBXGroup section */
		2EA4EF565BAD467BCE04E68A /* Pods */ = {
			isa = PBXGroup;
			children = (
				CD46CF09AFCAF754872943E8 /* Pods-Favs.debug.xcconfig */,
				F10103C3EF98E7B7740A1656 /* Pods-Favs.release.xcconfig */,
			);
			path = Pods;
			sourceTree = "<group>";
		};
		752FAF482539D3A000250E3D /* Views */ = {
			isa = PBXGroup;
			children = (
				75E4CDAD25FF9AFD00DDF691 /* CustomTextField.swift */,
				752FAF452539D2E700250E3D /* HomeView.swift */,
				752FAF492539D42100250E3D /* FavCardList.swift */,
				7523827B2539DD170033F4D9 /* LinkCardView.swift */,
				7523828C253AB5F60033F4D9 /* WebViewWrapper.swift */,
				75FF4E37253C33D7005BCE19 /* ShareSheet.swift */,
				75FF4E40253C655F005BCE19 /* CategoryDetailView.swift */,
				759DD2C0253F3E8C009F5400 /* ImageUrlView.swift */,
				7533CDA02540705000B49A60 /* FAB.swift */,
				752B4C27255429D90061CDA5 /* NewFavView.swift */,
				757721412562DB64006D12B7 /* FavDetailView.swift */,
				75826C21258EE2400032AD6E /* LoadingIndicatorView.swift */,
				759D724125977121007D7602 /* LinkRowView.swift */,
				758C7C8C25988BA000D94D50 /* FavList.swift */,
				75B583F6259995D000C4E336 /* CategoryView.swift */,
			);
			path = Views;
			sourceTree = "<group>";
		};
		752FAF4D2539D4A500250E3D /* Data */ = {
			isa = PBXGroup;
			children = (
				75E4CDA525FF9AF300DDF691 /* EnvironmentData.swift */,
				75E4CDA625FF9AF300DDF691 /* EnvironmentStore.swift */,
				75E4CDA725FF9AF300DDF691 /* YoutubeVideo.swift */,
				752B4C1C2552E0E50061CDA5 /* PageInfo.swift */,
				753468B4254D2ABF00D67C88 /* CategoryStore.swift */,
				752FAF4E2539D4E500250E3D /* Fav.swift */,
				75FF4E30253BFAA5005BCE19 /* FavCategory.swift */,
				753468B1254D29B400D67C88 /* FavCategories.swift */,
				75770352254EF9D60019E59A /* Favs.swift */,
				75770355254EFA360019E59A /* FavStore.swift */,
				75BB0AE92588D7FC005391BF /* SharedFav.swift */,
				75D9EF19259C3F350076AC16 /* CategoryListItem.swift */,
				7587D6E425B3F68E00694763 /* ViewState.swift */,
				7587D6E825B3F85B00694763 /* ViewStateStore.swift */,
			);
			path = Data;
			sourceTree = "<group>";
		};
		759DD2B9253F3DBC009F5400 /* Models */ = {
			isa = PBXGroup;
			children = (
				75E4CDBB25FF9B4300DDF691 /* PageInfoObserver.swift */,
				75E4CDB925FF9B4300DDF691 /* WebAccessible.swift */,
				75E4CDBA25FF9B4300DDF691 /* WebAccessSelector.swift */,
				75E4CDBC25FF9B4300DDF691 /* YoutubeVideoDataModel.swift */,
				752B4C182552E0990061CDA5 /* WebPageModel.swift */,
				759DD2BA253F3DCD009F5400 /* RemoteImageModel.swift */,
				75BB0AE12588D6E3005391BF /* SharedFavObserver.swift */,
			);
			path = Models;
			sourceTree = "<group>";
		};
		75BB0AC525878E49005391BF /* FavsShareExtension */ = {
			isa = PBXGroup;
			children = (
				75BB0AD525878F85005391BF /* FavsShareExtension.entitlements */,
				75BB0AC625878E49005391BF /* ShareViewController.swift */,
				75BB0AC825878E49005391BF /* MainInterface.storyboard */,
				75BB0ACB25878E49005391BF /* Info.plist */,
				75BB0AD92587A094005391BF /* SharedFav.swift */,
			);
			path = FavsShareExtension;
			sourceTree = "<group>";
		};
		75BE2D47255697A700482E8F /* Utilities */ = {
			isa = PBXGroup;
			children = (
				75BE2D48255697CC00482E8F /* URLHelper.swift */,
				753CD183258F8107009CB072 /* UIColorHex.swift */,
			);
			path = Utilities;
			sourceTree = "<group>";
		};
		75C2BE6F253878BF003911E4 = {
			isa = PBXGroup;
			children = (
				75C2BE7A253878BF003911E4 /* Favs */,
				75BB0AC525878E49005391BF /* FavsShareExtension */,
				75C2BE79253878BF003911E4 /* Products */,
				2EA4EF565BAD467BCE04E68A /* Pods */,
				8A6F5FD9F99594FB273C8E05 /* Frameworks */,
			);
			sourceTree = "<group>";
		};
		75C2BE79253878BF003911E4 /* Products */ = {
			isa = PBXGroup;
			children = (
				75C2BE78253878BF003911E4 /* Favs.app */,
				75BB0AC425878E49005391BF /* FavsShareExtension.appex */,
			);
			name = Products;
			sourceTree = "<group>";
		};
		75C2BE7A253878BF003911E4 /* Favs */ = {
			isa = PBXGroup;
			children = (
				75BB0AD625879115005391BF /* Favs.entitlements */,
				75BE2D47255697A700482E8F /* Utilities */,
				759DD2B9253F3DBC009F5400 /* Models */,
				752FAF4D2539D4A500250E3D /* Data */,
				752FAF482539D3A000250E3D /* Views */,
				75C2BE7B253878BF003911E4 /* FavsApp.swift */,
				75C2BE7D253878BF003911E4 /* ContentView.swift */,
				75C2BE7F253878C0003911E4 /* Assets.xcassets */,
				75C2BE84253878C0003911E4 /* Info.plist */,
				75C2BE81253878C0003911E4 /* Preview Content */,
				753EA4172600E42400CAA11E /* env.sample.json */,
			);
			path = Favs;
			sourceTree = "<group>";
		};
		75C2BE81253878C0003911E4 /* Preview Content */ = {
			isa = PBXGroup;
			children = (
				75C2BE82253878C0003911E4 /* Preview Assets.xcassets */,
			);
			path = "Preview Content";
			sourceTree = "<group>";
		};
		8A6F5FD9F99594FB273C8E05 /* Frameworks */ = {
			isa = PBXGroup;
			children = (
				146A9E649A1B6A4744575B4D /* Pods_Favs.framework */,
			);
			name = Frameworks;
			sourceTree = "<group>";
		};
/* End PBXGroup section */

/* Begin PBXNativeTarget section */
		75BB0AC325878E49005391BF /* FavsShareExtension */ = {
			isa = PBXNativeTarget;
			buildConfigurationList = 75BB0ACF25878E49005391BF /* Build configuration list for PBXNativeTarget "FavsShareExtension" */;
			buildPhases = (
				75BB0AC025878E49005391BF /* Sources */,
				75BB0AC125878E49005391BF /* Frameworks */,
				75BB0AC225878E49005391BF /* Resources */,
			);
			buildRules = (
			);
			dependencies = (
			);
			name = FavsShareExtension;
			productName = FavsShareExtension;
			productReference = 75BB0AC425878E49005391BF /* FavsShareExtension.appex */;
			productType = "com.apple.product-type.app-extension";
		};
		75C2BE77253878BF003911E4 /* Favs */ = {
			isa = PBXNativeTarget;
			buildConfigurationList = 75C2BE87253878C0003911E4 /* Build configuration list for PBXNativeTarget "Favs" */;
			buildPhases = (
				D8285BCD34953F135C90783C /* [CP] Check Pods Manifest.lock */,
				75C2BE74253878BF003911E4 /* Sources */,
				75C2BE75253878BF003911E4 /* Frameworks */,
				75C2BE76253878BF003911E4 /* Resources */,
				E1714CFA9977C439BB202867 /* [CP] Embed Pods Frameworks */,
				75BB0AD225878E49005391BF /* Embed App Extensions */,
			);
			buildRules = (
			);
			dependencies = (
				75BB0ACD25878E49005391BF /* PBXTargetDependency */,
			);
			name = Favs;
			packageProductDependencies = (
				759DD2B6253F062A009F5400 /* SwiftUIX */,
			);
			productName = Favs;
			productReference = 75C2BE78253878BF003911E4 /* Favs.app */;
			productType = "com.apple.product-type.application";
		};
/* End PBXNativeTarget section */

/* Begin PBXProject section */
		75C2BE70253878BF003911E4 /* Project object */ = {
			isa = PBXProject;
			attributes = {
				LastSwiftUpdateCheck = 1220;
				LastUpgradeCheck = 1200;
				TargetAttributes = {
					75BB0AC325878E49005391BF = {
						CreatedOnToolsVersion = 12.2;
					};
					75C2BE77253878BF003911E4 = {
						CreatedOnToolsVersion = 12.0.1;
					};
				};
			};
			buildConfigurationList = 75C2BE73253878BF003911E4 /* Build configuration list for PBXProject "Favs" */;
			compatibilityVersion = "Xcode 9.3";
			developmentRegion = en;
			hasScannedForEncodings = 0;
			knownRegions = (
				en,
				Base,
			);
			mainGroup = 75C2BE6F253878BF003911E4;
			packageReferences = (
				759DD2B5253F062A009F5400 /* XCRemoteSwiftPackageReference "SwiftUIX" */,
			);
			productRefGroup = 75C2BE79253878BF003911E4 /* Products */;
			projectDirPath = "";
			projectRoot = "";
			targets = (
				75C2BE77253878BF003911E4 /* Favs */,
				75BB0AC325878E49005391BF /* FavsShareExtension */,
			);
		};
/* End PBXProject section */

/* Begin PBXResourcesBuildPhase section */
		75BB0AC225878E49005391BF /* Resources */ = {
			isa = PBXResourcesBuildPhase;
			buildActionMask = 2147483647;
			files = (
				75BB0ACA25878E49005391BF /* MainInterface.storyboard in Resources */,
			);
			runOnlyForDeploymentPostprocessing = 0;
		};
		75C2BE76253878BF003911E4 /* Resources */ = {
			isa = PBXResourcesBuildPhase;
			buildActionMask = 2147483647;
			files = (
				75C2BE83253878C0003911E4 /* Preview Assets.xcassets in Resources */,
				753EA4182600E42400CAA11E /* env.sample.json in Resources */,
				75C2BE80253878C0003911E4 /* Assets.xcassets in Resources */,
			);
			runOnlyForDeploymentPostprocessing = 0;
		};
/* End PBXResourcesBuildPhase section */

/* Begin PBXShellScriptBuildPhase section */
		D8285BCD34953F135C90783C /* [CP] Check Pods Manifest.lock */ = {
			isa = PBXShellScriptBuildPhase;
			buildActionMask = 2147483647;
			files = (
			);
			inputFileListPaths = (
			);
			inputPaths = (
				"${PODS_PODFILE_DIR_PATH}/Podfile.lock",
				"${PODS_ROOT}/Manifest.lock",
			);
			name = "[CP] Check Pods Manifest.lock";
			outputFileListPaths = (
			);
			outputPaths = (
				"$(DERIVED_FILE_DIR)/Pods-Favs-checkManifestLockResult.txt",
			);
			runOnlyForDeploymentPostprocessing = 0;
			shellPath = /bin/sh;
			shellScript = "diff \"${PODS_PODFILE_DIR_PATH}/Podfile.lock\" \"${PODS_ROOT}/Manifest.lock\" > /dev/null\nif [ $? != 0 ] ; then\n    # print error to STDERR\n    echo \"error: The sandbox is not in sync with the Podfile.lock. Run 'pod install' or update your CocoaPods installation.\" >&2\n    exit 1\nfi\n# This output is used by Xcode 'outputs' to avoid re-running this script phase.\necho \"SUCCESS\" > \"${SCRIPT_OUTPUT_FILE_0}\"\n";
			showEnvVarsInLog = 0;
		};
		E1714CFA9977C439BB202867 /* [CP] Embed Pods Frameworks */ = {
			isa = PBXShellScriptBuildPhase;
			buildActionMask = 2147483647;
			files = (
			);
			inputFileListPaths = (
				"${PODS_ROOT}/Target Support Files/Pods-Favs/Pods-Favs-frameworks-${CONFIGURATION}-input-files.xcfilelist",
			);
			name = "[CP] Embed Pods Frameworks";
			outputFileListPaths = (
				"${PODS_ROOT}/Target Support Files/Pods-Favs/Pods-Favs-frameworks-${CONFIGURATION}-output-files.xcfilelist",
			);
			runOnlyForDeploymentPostprocessing = 0;
			shellPath = /bin/sh;
			shellScript = "\"${PODS_ROOT}/Target Support Files/Pods-Favs/Pods-Favs-frameworks.sh\"\n";
			showEnvVarsInLog = 0;
		};
/* End PBXShellScriptBuildPhase section */

/* Begin PBXSourcesBuildPhase section */
		75BB0AC025878E49005391BF /* Sources */ = {
			isa = PBXSourcesBuildPhase;
			buildActionMask = 2147483647;
			files = (
				75BB0AC725878E49005391BF /* ShareViewController.swift in Sources */,
				75BB0ADA2587A094005391BF /* SharedFav.swift in Sources */,
			);
			runOnlyForDeploymentPostprocessing = 0;
		};
		75C2BE74253878BF003911E4 /* Sources */ = {
			isa = PBXSourcesBuildPhase;
			buildActionMask = 2147483647;
			files = (
				75E4CDBD25FF9B4300DDF691 /* WebAccessible.swift in Sources */,
				75BB0AEA2588D7FC005391BF /* SharedFav.swift in Sources */,
				752B4C28255429D90061CDA5 /* NewFavView.swift in Sources */,
				752FAF462539D2E700250E3D /* HomeView.swift in Sources */,
				753CD184258F8107009CB072 /* UIColorHex.swift in Sources */,
				753468B2254D29B400D67C88 /* FavCategories.swift in Sources */,
				752FAF4A2539D42100250E3D /* FavCardList.swift in Sources */,
				752FAF4F2539D4E500250E3D /* Fav.swift in Sources */,
				752B4C1D2552E0E50061CDA5 /* PageInfo.swift in Sources */,
				75E4CDAE25FF9AFD00DDF691 /* CustomTextField.swift in Sources */,
				75E4CDAA25FF9AF300DDF691 /* YoutubeVideo.swift in Sources */,
				75826C22258EE2400032AD6E /* LoadingIndicatorView.swift in Sources */,
				752B4C192552E0990061CDA5 /* WebPageModel.swift in Sources */,
				75C2BE7E253878BF003911E4 /* ContentView.swift in Sources */,
				75E4CDA825FF9AF300DDF691 /* EnvironmentData.swift in Sources */,
				75C2BE7C253878BF003911E4 /* FavsApp.swift in Sources */,
				7587D6E525B3F68E00694763 /* ViewState.swift in Sources */,
				7533CDA12540705000B49A60 /* FAB.swift in Sources */,
				753468B5254D2ABF00D67C88 /* CategoryStore.swift in Sources */,
				75FF4E38253C33D7005BCE19 /* ShareSheet.swift in Sources */,
				75E4CDA925FF9AF300DDF691 /* EnvironmentStore.swift in Sources */,
				75E4CDC025FF9B4300DDF691 /* YoutubeVideoDataModel.swift in Sources */,
				7523828D253AB5F60033F4D9 /* WebViewWrapper.swift in Sources */,
				7587D6E925B3F85B00694763 /* ViewStateStore.swift in Sources */,
				7523827C2539DD170033F4D9 /* LinkCardView.swift in Sources */,
				75FF4E31253BFAA5005BCE19 /* FavCategory.swift in Sources */,
				75E4CDBE25FF9B4300DDF691 /* WebAccessSelector.swift in Sources */,
				757721422562DB64006D12B7 /* FavDetailView.swift in Sources */,
				75E4CDBF25FF9B4300DDF691 /* PageInfoObserver.swift in Sources */,
				75BB0AE22588D6E3005391BF /* SharedFavObserver.swift in Sources */,
				759DD2BB253F3DCD009F5400 /* RemoteImageModel.swift in Sources */,
				75770353254EF9D60019E59A /* Favs.swift in Sources */,
				759DD2C1253F3E8C009F5400 /* ImageUrlView.swift in Sources */,
				75B583F7259995D000C4E336 /* CategoryView.swift in Sources */,
				758C7C8D25988BA000D94D50 /* FavList.swift in Sources */,
				75BE2D49255697CC00482E8F /* URLHelper.swift in Sources */,
				75770356254EFA360019E59A /* FavStore.swift in Sources */,
				75D9EF1A259C3F350076AC16 /* CategoryListItem.swift in Sources */,
				759D724225977121007D7602 /* LinkRowView.swift in Sources */,
				75FF4E41253C655F005BCE19 /* CategoryDetailView.swift in Sources */,
			);
			runOnlyForDeploymentPostprocessing = 0;
		};
/* End PBXSourcesBuildPhase section */

/* Begin PBXTargetDependency section */
		75BB0ACD25878E49005391BF /* PBXTargetDependency */ = {
			isa = PBXTargetDependency;
			target = 75BB0AC325878E49005391BF /* FavsShareExtension */;
			targetProxy = 75BB0ACC25878E49005391BF /* PBXContainerItemProxy */;
		};
/* End PBXTargetDependency section */

/* Begin PBXVariantGroup section */
		75BB0AC825878E49005391BF /* MainInterface.storyboard */ = {
			isa = PBXVariantGroup;
			children = (
				75BB0AC925878E49005391BF /* Base */,
			);
			name = MainInterface.storyboard;
			sourceTree = "<group>";
		};
/* End PBXVariantGroup section */

/* Begin XCBuildConfiguration section */
		75BB0AD025878E49005391BF /* Debug */ = {
			isa = XCBuildConfiguration;
			buildSettings = {
				CODE_SIGN_ENTITLEMENTS = FavsShareExtension/FavsShareExtension.entitlements;
				CODE_SIGN_STYLE = Automatic;
				DEVELOPMENT_TEAM = TB8F2PW523;
				INFOPLIST_FILE = FavsShareExtension/Info.plist;
				IPHONEOS_DEPLOYMENT_TARGET = 14.0;
				LD_RUNPATH_SEARCH_PATHS = (
					"$(inherited)",
					"@executable_path/Frameworks",
					"@executable_path/../../Frameworks",
				);
				MARKETING_VERSION = 1.1.0;
				PRODUCT_BUNDLE_IDENTIFIER = com.inakase.Favs.FavsShareExtension;
				PRODUCT_NAME = "$(TARGET_NAME)";
				SKIP_INSTALL = YES;
				SWIFT_VERSION = 5.0;
				TARGETED_DEVICE_FAMILY = 1;
			};
			name = Debug;
		};
		75BB0AD125878E49005391BF /* Release */ = {
			isa = XCBuildConfiguration;
			buildSettings = {
				CODE_SIGN_ENTITLEMENTS = FavsShareExtension/FavsShareExtension.entitlements;
				CODE_SIGN_STYLE = Automatic;
				DEVELOPMENT_TEAM = TB8F2PW523;
				INFOPLIST_FILE = FavsShareExtension/Info.plist;
				IPHONEOS_DEPLOYMENT_TARGET = 14.0;
				LD_RUNPATH_SEARCH_PATHS = (
					"$(inherited)",
					"@executable_path/Frameworks",
					"@executable_path/../../Frameworks",
				);
				MARKETING_VERSION = 1.1.0;
				PRODUCT_BUNDLE_IDENTIFIER = com.inakase.Favs.FavsShareExtension;
				PRODUCT_NAME = "$(TARGET_NAME)";
				SKIP_INSTALL = YES;
				SWIFT_VERSION = 5.0;
				TARGETED_DEVICE_FAMILY = 1;
			};
			name = Release;
		};
		75C2BE85253878C0003911E4 /* Debug */ = {
			isa = XCBuildConfiguration;
			buildSettings = {
				ALWAYS_SEARCH_USER_PATHS = NO;
				CLANG_ANALYZER_NONNULL = YES;
				CLANG_ANALYZER_NUMBER_OBJECT_CONVERSION = YES_AGGRESSIVE;
				CLANG_CXX_LANGUAGE_STANDARD = "gnu++14";
				CLANG_CXX_LIBRARY = "libc++";
				CLANG_ENABLE_MODULES = YES;
				CLANG_ENABLE_OBJC_ARC = YES;
				CLANG_ENABLE_OBJC_WEAK = YES;
				CLANG_WARN_BLOCK_CAPTURE_AUTORELEASING = YES;
				CLANG_WARN_BOOL_CONVERSION = YES;
				CLANG_WARN_COMMA = YES;
				CLANG_WARN_CONSTANT_CONVERSION = YES;
				CLANG_WARN_DEPRECATED_OBJC_IMPLEMENTATIONS = YES;
				CLANG_WARN_DIRECT_OBJC_ISA_USAGE = YES_ERROR;
				CLANG_WARN_DOCUMENTATION_COMMENTS = YES;
				CLANG_WARN_EMPTY_BODY = YES;
				CLANG_WARN_ENUM_CONVERSION = YES;
				CLANG_WARN_INFINITE_RECURSION = YES;
				CLANG_WARN_INT_CONVERSION = YES;
				CLANG_WARN_NON_LITERAL_NULL_CONVERSION = YES;
				CLANG_WARN_OBJC_IMPLICIT_RETAIN_SELF = YES;
				CLANG_WARN_OBJC_LITERAL_CONVERSION = YES;
				CLANG_WARN_OBJC_ROOT_CLASS = YES_ERROR;
				CLANG_WARN_QUOTED_INCLUDE_IN_FRAMEWORK_HEADER = YES;
				CLANG_WARN_RANGE_LOOP_ANALYSIS = YES;
				CLANG_WARN_STRICT_PROTOTYPES = YES;
				CLANG_WARN_SUSPICIOUS_MOVE = YES;
				CLANG_WARN_UNGUARDED_AVAILABILITY = YES_AGGRESSIVE;
				CLANG_WARN_UNREACHABLE_CODE = YES;
				CLANG_WARN__DUPLICATE_METHOD_MATCH = YES;
				COPY_PHASE_STRIP = NO;
				DEBUG_INFORMATION_FORMAT = dwarf;
				ENABLE_STRICT_OBJC_MSGSEND = YES;
				ENABLE_TESTABILITY = YES;
				GCC_C_LANGUAGE_STANDARD = gnu11;
				GCC_DYNAMIC_NO_PIC = NO;
				GCC_NO_COMMON_BLOCKS = YES;
				GCC_OPTIMIZATION_LEVEL = 0;
				GCC_PREPROCESSOR_DEFINITIONS = (
					"DEBUG=1",
					"$(inherited)",
				);
				GCC_WARN_64_TO_32_BIT_CONVERSION = YES;
				GCC_WARN_ABOUT_RETURN_TYPE = YES_ERROR;
				GCC_WARN_UNDECLARED_SELECTOR = YES;
				GCC_WARN_UNINITIALIZED_AUTOS = YES_AGGRESSIVE;
				GCC_WARN_UNUSED_FUNCTION = YES;
				GCC_WARN_UNUSED_VARIABLE = YES;
				IPHONEOS_DEPLOYMENT_TARGET = 14.0;
				MTL_ENABLE_DEBUG_INFO = INCLUDE_SOURCE;
				MTL_FAST_MATH = YES;
				ONLY_ACTIVE_ARCH = YES;
				SDKROOT = iphoneos;
				SWIFT_ACTIVE_COMPILATION_CONDITIONS = DEBUG;
				SWIFT_OPTIMIZATION_LEVEL = "-Onone";
			};
			name = Debug;
		};
		75C2BE86253878C0003911E4 /* Release */ = {
			isa = XCBuildConfiguration;
			buildSettings = {
				ALWAYS_SEARCH_USER_PATHS = NO;
				CLANG_ANALYZER_NONNULL = YES;
				CLANG_ANALYZER_NUMBER_OBJECT_CONVERSION = YES_AGGRESSIVE;
				CLANG_CXX_LANGUAGE_STANDARD = "gnu++14";
				CLANG_CXX_LIBRARY = "libc++";
				CLANG_ENABLE_MODULES = YES;
				CLANG_ENABLE_OBJC_ARC = YES;
				CLANG_ENABLE_OBJC_WEAK = YES;
				CLANG_WARN_BLOCK_CAPTURE_AUTORELEASING = YES;
				CLANG_WARN_BOOL_CONVERSION = YES;
				CLANG_WARN_COMMA = YES;
				CLANG_WARN_CONSTANT_CONVERSION = YES;
				CLANG_WARN_DEPRECATED_OBJC_IMPLEMENTATIONS = YES;
				CLANG_WARN_DIRECT_OBJC_ISA_USAGE = YES_ERROR;
				CLANG_WARN_DOCUMENTATION_COMMENTS = YES;
				CLANG_WARN_EMPTY_BODY = YES;
				CLANG_WARN_ENUM_CONVERSION = YES;
				CLANG_WARN_INFINITE_RECURSION = YES;
				CLANG_WARN_INT_CONVERSION = YES;
				CLANG_WARN_NON_LITERAL_NULL_CONVERSION = YES;
				CLANG_WARN_OBJC_IMPLICIT_RETAIN_SELF = YES;
				CLANG_WARN_OBJC_LITERAL_CONVERSION = YES;
				CLANG_WARN_OBJC_ROOT_CLASS = YES_ERROR;
				CLANG_WARN_QUOTED_INCLUDE_IN_FRAMEWORK_HEADER = YES;
				CLANG_WARN_RANGE_LOOP_ANALYSIS = YES;
				CLANG_WARN_STRICT_PROTOTYPES = YES;
				CLANG_WARN_SUSPICIOUS_MOVE = YES;
				CLANG_WARN_UNGUARDED_AVAILABILITY = YES_AGGRESSIVE;
				CLANG_WARN_UNREACHABLE_CODE = YES;
				CLANG_WARN__DUPLICATE_METHOD_MATCH = YES;
				COPY_PHASE_STRIP = NO;
				DEBUG_INFORMATION_FORMAT = "dwarf-with-dsym";
				ENABLE_NS_ASSERTIONS = NO;
				ENABLE_STRICT_OBJC_MSGSEND = YES;
				GCC_C_LANGUAGE_STANDARD = gnu11;
				GCC_NO_COMMON_BLOCKS = YES;
				GCC_WARN_64_TO_32_BIT_CONVERSION = YES;
				GCC_WARN_ABOUT_RETURN_TYPE = YES_ERROR;
				GCC_WARN_UNDECLARED_SELECTOR = YES;
				GCC_WARN_UNINITIALIZED_AUTOS = YES_AGGRESSIVE;
				GCC_WARN_UNUSED_FUNCTION = YES;
				GCC_WARN_UNUSED_VARIABLE = YES;
				IPHONEOS_DEPLOYMENT_TARGET = 14.0;
				MTL_ENABLE_DEBUG_INFO = NO;
				MTL_FAST_MATH = YES;
				SDKROOT = iphoneos;
				SWIFT_COMPILATION_MODE = wholemodule;
				SWIFT_OPTIMIZATION_LEVEL = "-O";
				VALIDATE_PRODUCT = YES;
			};
			name = Release;
		};
		75C2BE88253878C0003911E4 /* Debug */ = {
			isa = XCBuildConfiguration;
			baseConfigurationReference = CD46CF09AFCAF754872943E8 /* Pods-Favs.debug.xcconfig */;
			buildSettings = {
				ALWAYS_EMBED_SWIFT_STANDARD_LIBRARIES = YES;
				ASSETCATALOG_COMPILER_APPICON_NAME = AppIcon;
				ASSETCATALOG_COMPILER_GLOBAL_ACCENT_COLOR_NAME = AccentColor;
				CODE_SIGN_ENTITLEMENTS = Favs/Favs.entitlements;
				CODE_SIGN_STYLE = Automatic;
				DEVELOPMENT_ASSET_PATHS = "\"Favs/Preview Content\"";
				DEVELOPMENT_TEAM = TB8F2PW523;
				ENABLE_PREVIEWS = YES;
				INFOPLIST_FILE = Favs/Info.plist;
				IPHONEOS_DEPLOYMENT_TARGET = 14.0;
				LD_RUNPATH_SEARCH_PATHS = (
					"$(inherited)",
					"@executable_path/Frameworks",
				);
				MARKETING_VERSION = 1.1.0;
				PRODUCT_BUNDLE_IDENTIFIER = com.inakase.Favs;
				PRODUCT_NAME = "$(TARGET_NAME)";
				SWIFT_VERSION = 5.0;
				TARGETED_DEVICE_FAMILY = 1;
			};
			name = Debug;
		};
		75C2BE89253878C0003911E4 /* Release */ = {
			isa = XCBuildConfiguration;
			baseConfigurationReference = F10103C3EF98E7B7740A1656 /* Pods-Favs.release.xcconfig */;
			buildSettings = {
				ALWAYS_EMBED_SWIFT_STANDARD_LIBRARIES = YES;
				ASSETCATALOG_COMPILER_APPICON_NAME = AppIcon;
				ASSETCATALOG_COMPILER_GLOBAL_ACCENT_COLOR_NAME = AccentColor;
				CODE_SIGN_ENTITLEMENTS = Favs/Favs.entitlements;
				CODE_SIGN_STYLE = Automatic;
				DEVELOPMENT_ASSET_PATHS = "\"Favs/Preview Content\"";
				DEVELOPMENT_TEAM = TB8F2PW523;
				ENABLE_PREVIEWS = YES;
				INFOPLIST_FILE = Favs/Info.plist;
				IPHONEOS_DEPLOYMENT_TARGET = 14.0;
				LD_RUNPATH_SEARCH_PATHS = (
					"$(inherited)",
					"@executable_path/Frameworks",
				);
				MARKETING_VERSION = 1.1.0;
				PRODUCT_BUNDLE_IDENTIFIER = com.inakase.Favs;
				PRODUCT_NAME = "$(TARGET_NAME)";
				SWIFT_VERSION = 5.0;
				TARGETED_DEVICE_FAMILY = 1;
			};
			name = Release;
		};
/* End XCBuildConfiguration section */

/* Begin XCConfigurationList section */
		75BB0ACF25878E49005391BF /* Build configuration list for PBXNativeTarget "FavsShareExtension" */ = {
			isa = XCConfigurationList;
			buildConfigurations = (
				75BB0AD025878E49005391BF /* Debug */,
				75BB0AD125878E49005391BF /* Release */,
			);
			defaultConfigurationIsVisible = 0;
			defaultConfigurationName = Release;
		};
		75C2BE73253878BF003911E4 /* Build configuration list for PBXProject "Favs" */ = {
			isa = XCConfigurationList;
			buildConfigurations = (
				75C2BE85253878C0003911E4 /* Debug */,
				75C2BE86253878C0003911E4 /* Release */,
			);
			defaultConfigurationIsVisible = 0;
			defaultConfigurationName = Release;
		};
		75C2BE87253878C0003911E4 /* Build configuration list for PBXNativeTarget "Favs" */ = {
			isa = XCConfigurationList;
			buildConfigurations = (
				75C2BE88253878C0003911E4 /* Debug */,
				75C2BE89253878C0003911E4 /* Release */,
			);
			defaultConfigurationIsVisible = 0;
			defaultConfigurationName = Release;
		};
/* End XCConfigurationList section */

/* Begin XCRemoteSwiftPackageReference section */
		759DD2B5253F062A009F5400 /* XCRemoteSwiftPackageReference "SwiftUIX" */ = {
			isa = XCRemoteSwiftPackageReference;
			repositoryURL = "https://github.com/SwiftUIX/SwiftUIX";
			requirement = {
				branch = master;
				kind = branch;
			};
		};
/* End XCRemoteSwiftPackageReference section */

/* Begin XCSwiftPackageProductDependency section */
		759DD2B6253F062A009F5400 /* SwiftUIX */ = {
			isa = XCSwiftPackageProductDependency;
			package = 759DD2B5253F062A009F5400 /* XCRemoteSwiftPackageReference "SwiftUIX" */;
			productName = SwiftUIX;
		};
/* End XCSwiftPackageProductDependency section */
	};
	rootObject = 75C2BE70253878BF003911E4 /* Project object */;
}
